
Microsoft Visual Studio Solution File, Format Version 12.00
# Visual Studio 15
VisualStudioVersion = 15.0.28307.421
MinimumVisualStudioVersion = 10.0.40219.1
Project("{54435603-DBB4-11D2-8724-00A0C9A8B90C}") = "Setup", "Setup\Setup.vdproj", "{7D51A271-F49F-4E48-9579-2D20A8DD9830}"
EndProject
Global
	GlobalSection(SolutionConfigurationPlatforms) = preSolution
		Debug|Default = Debug|Default
		Release|Default = Release|Default
	EndGlobalSection
	GlobalSection(ProjectConfigurationPlatforms) = postSolution
		{7D51A271-F49F-4E48-9579-2D20A8DD9830}.Debug|Default.ActiveCfg = Debug
		{7D51A271-F49F-4E48-9579-2D20A8DD9830}.Debug|Default.Build.0 = Debug
		{7D51A271-F49F-4E48-9579-2D20A8DD9830}.Release|Default.ActiveCfg = Release
		{7D51A271-F49F-4E48-9579-2D20A8DD9830}.Release|Default.Build.0 = Release
	EndGlobalSection
	GlobalSection(SolutionProperties) = preSolution
		HideSolutionNode = FALSE
	EndGlobalSection
	GlobalSection(ExtensibilityGlobals) = postSolution
		SolutionGuid = {1F816A25-013D-4FED-A3E3-C61A418525A6}
	EndGlobalSection
EndGlobal
